
Microsoft Visual Studio Solution File, Format Version 12.00
# Visual Studio Version 17
VisualStudioVersion = 17.10.35122.118
MinimumVisualStudioVersion = 10.0.40219.1
Project("{FAE04EC0-301F-11D3-BF4B-00C04F79EFBC}") = "Documento.Net", "Documento.Net.csproj", "{533778C1-DE39-4FCD-BAD9-D332E4E11B5B}"
EndProject
Project("{FAE04EC0-301F-11D3-BF4B-00C04F79EFBC}") = "Documento.Net.Tests", "..\Documento.Net.Tests\Documento.Net.Tests.csproj", "{3D8B9365-AD36-4BB2-B892-CAF8AAACD027}"
EndProject
Global
	GlobalSection(SolutionConfigurationPlatforms) = preSolution
		Debug|Any CPU = Debug|Any CPU
		Release|Any CPU = Release|Any CPU
	EndGlobalSection
	GlobalSection(ProjectConfigurationPlatforms) = postSolution
		{533778C1-DE39-4FCD-BAD9-D332E4E11B5B}.Debug|Any CPU.ActiveCfg = Debug|Any CPU
		{533778C1-DE39-4FCD-BAD9-D332E4E11B5B}.Debug|Any CPU.Build.0 = Debug|Any CPU
		{533778C1-DE39-4FCD-BAD9-D332E4E11B5B}.Release|Any CPU.ActiveCfg = Release|Any CPU
		{533778C1-DE39-4FCD-BAD9-D332E4E11B5B}.Release|Any CPU.Build.0 = Release|Any CPU
		{3D8B9365-AD36-4BB2-B892-CAF8AAACD027}.Debug|Any CPU.ActiveCfg = Debug|Any CPU
		{3D8B9365-AD36-4BB2-B892-CAF8AAACD027}.Debug|Any CPU.Build.0 = Debug|Any CPU
		{3D8B9365-AD36-4BB2-B892-CAF8AAACD027}.Release|Any CPU.ActiveCfg = Release|Any CPU
		{3D8B9365-AD36-4BB2-B892-CAF8AAACD027}.Release|Any CPU.Build.0 = Release|Any CPU
	EndGlobalSection
	GlobalSection(SolutionProperties) = preSolution
		HideSolutionNode = FALSE
	EndGlobalSection
	GlobalSection(ExtensibilityGlobals) = postSolution
		SolutionGuid = {748EBE76-DBE9-468A-A89B-0B707D93B05D}
	EndGlobalSection
EndGlobal
